
Microsoft Visual Studio Solution File, Format Version 12.00
# Visual Studio 15
VisualStudioVersion = 15.0.28307.438
MinimumVisualStudioVersion = 10.0.40219.1
Project("{9A19103F-16F7-4668-BE54-9A1E7A4F7556}") = "ProjectUsers", "ProjectUsers\ProjectUsers.csproj", "{FFDB9C78-04A9-4E46-A25B-67DF5595A043}"
EndProject
Global
	GlobalSection(SolutionConfigurationPlatforms) = preSolution
		Debug|Any CPU = Debug|Any CPU
		Release|Any CPU = Release|Any CPU
	EndGlobalSection
	GlobalSection(ProjectConfigurationPlatforms) = postSolution
		{FFDB9C78-04A9-4E46-A25B-67DF5595A043}.Debug|Any CPU.ActiveCfg = Debug|Any CPU
		{FFDB9C78-04A9-4E46-A25B-67DF5595A043}.Debug|Any CPU.Build.0 = Debug|Any CPU
		{FFDB9C78-04A9-4E46-A25B-67DF5595A043}.Release|Any CPU.ActiveCfg = Release|Any CPU
		{FFDB9C78-04A9-4E46-A25B-67DF5595A043}.Release|Any CPU.Build.0 = Release|Any CPU
	EndGlobalSection
	GlobalSection(SolutionProperties) = preSolution
		HideSolutionNode = FALSE
	EndGlobalSection
	GlobalSection(ExtensibilityGlobals) = postSolution
		SolutionGuid = {3638F2E9-CF9A-4B91-B7BD-DBD34511F82D}
	EndGlobalSection
EndGlobal
